
Microsoft Visual Studio Solution File, Format Version 12.00
# Visual Studio Version 17
VisualStudioVersion = 17.0.31903.59
MinimumVisualStudioVersion = 10.0.40219.1
Project("{2150E333-8FDC-42A3-9474-1A3956D46DE8}") = "src", "src", "{E7C68D49-7027-476B-B6C5-50C3D55B65C3}"
EndProject
Project("{FAE04EC0-301F-11D3-BF4B-00C04F79EFBC}") = "RealmServer", "src\RealmServer\RealmServer.csproj", "{E1667915-B573-453F-8FDB-D70599824284}"
EndProject
Global
	GlobalSection(SolutionConfigurationPlatforms) = preSolution
		Debug|Any CPU = Debug|Any CPU
		Release|Any CPU = Release|Any CPU
	EndGlobalSection
	GlobalSection(SolutionProperties) = preSolution
		HideSolutionNode = FALSE
	EndGlobalSection
	GlobalSection(ProjectConfigurationPlatforms) = postSolution
		{E1667915-B573-453F-8FDB-D70599824284}.Debug|Any CPU.ActiveCfg = Debug|Any CPU
		{E1667915-B573-453F-8FDB-D70599824284}.Debug|Any CPU.Build.0 = Debug|Any CPU
		{E1667915-B573-453F-8FDB-D70599824284}.Release|Any CPU.ActiveCfg = Release|Any CPU
		{E1667915-B573-453F-8FDB-D70599824284}.Release|Any CPU.Build.0 = Release|Any CPU
	EndGlobalSection
	GlobalSection(NestedProjects) = preSolution
		{E1667915-B573-453F-8FDB-D70599824284} = {E7C68D49-7027-476B-B6C5-50C3D55B65C3}
	EndGlobalSection
EndGlobal
